{
  "nodes": {
    "base64-src": {
      "flake": false,
      "locked": {
        "lastModified": 1468170709,
        "narHash": "sha256-dt6i1j0rqH7lA+2XXp9KTEhj2GvYueyGrHh9VXBEsbw=",
        "ref": "master",
        "rev": "7d5a89229a525452e37504976a73c35fbaf2fe4d",
        "revCount": 1,
        "type": "git",
        "url": "https://gist.github.com/f0fd86b6c73063283afe550bc5d77594.git"
      },
      "original": {
        "type": "git",
        "url": "https://gist.github.com/f0fd86b6c73063283afe550bc5d77594.git"
      }
    },
    "emacs": {
      "inputs": {
        "flake-utils": "flake-utils",
        "nixpkgs": "nixpkgs",
        "nixpkgs-stable": "nixpkgs-stable"
      },
      "locked": {
        "lastModified": 1687110342,
        "narHash": "sha256-+uGz0N+hIKqXLzelGGwlyRcrpkUpI0fArKRe0ceQ/C4=",
        "owner": "nix-community",
        "repo": "emacs-overlay",
        "rev": "df90f4dbb6c6725518da63909f2310b715eb8d08",
        "type": "github"
      },
      "original": {
        "owner": "nix-community",
        "repo": "emacs-overlay",
        "type": "github"
      }
    },
    "flake-utils": {
      "inputs": {
        "systems": "systems"
      },
      "locked": {
        "lastModified": 1685518550,
        "narHash": "sha256-o2d0KcvaXzTrPRIo0kOLV0/QXHhDQ5DTi+OxcjO8xqY=",
        "owner": "numtide",
        "repo": "flake-utils",
        "rev": "a1720a10a6cfe8234c0e93907ffe81be440f4cef",
        "type": "github"
      },
      "original": {
        "owner": "numtide",
        "repo": "flake-utils",
        "type": "github"
      }
    },
    "flake-utils_2": {
      "locked": {
        "lastModified": 1659877975,
        "narHash": "sha256-zllb8aq3YO3h8B/U0/J1WBgAL8EX5yWf5pMj3G0NAmc=",
        "owner": "numtide",
        "repo": "flake-utils",
        "rev": "c0e246b9b83f637f4681389ecabcb2681b4f3af0",
        "type": "github"
      },
      "original": {
        "owner": "numtide",
        "repo": "flake-utils",
        "type": "github"
      }
    },
    "gourou-src": {
      "flake": false,
      "locked": {
        "lastModified": 1654435760,
        "narHash": "sha256-X94UbSwAp3rtioC8FCgJcOlVNZ5rvaAeIIVlKocFwus=",
        "ref": "master",
        "rev": "4f288f4e241e3cc711a10fdcf4078fd4ddfab7c2",
        "revCount": 81,
        "type": "git",
        "url": "git://soutade.fr/libgourou.git"
      },
      "original": {
        "type": "git",
        "url": "git://soutade.fr/libgourou.git"
      }
    },
    "home-manager": {
      "inputs": {
        "nixpkgs": "nixpkgs_2"
      },
      "locked": {
        "lastModified": 1687041925,
        "narHash": "sha256-Zfn/SphInZ9PEIHWdQk+wGQ0XGlwAgRUp/Qso+8vDOY=",
        "owner": "nix-community",
        "repo": "home-manager",
        "rev": "a8d549351d4b87ab80665f35e57bee2a04201245",
        "type": "github"
      },
      "original": {
        "owner": "nix-community",
        "ref": "release-23.05",
        "repo": "home-manager",
        "type": "github"
      }
    },
    "kmonad": {
      "inputs": {
        "nixpkgs": "nixpkgs_3"
      },
      "locked": {
        "dir": "nix",
        "lastModified": 1685177663,
        "narHash": "sha256-T3WC47AyxwPxwCmukrwE/alZLU3bu7ZuBrCW5DMefI8=",
        "owner": "kmonad",
        "repo": "kmonad",
        "rev": "97ac050f9818e942a706194adb7374f7b10ee339",
        "type": "github"
      },
      "original": {
        "dir": "nix",
        "owner": "kmonad",
        "repo": "kmonad",
        "type": "github"
      }
    },
    "knock": {
      "inputs": {
        "base64-src": "base64-src",
        "flake-utils": "flake-utils_2",
        "gourou-src": "gourou-src",
        "nixpkgs": "nixpkgs_4",
        "pugixml-src": "pugixml-src",
        "updfparser-src": "updfparser-src"
      },
      "locked": {
        "lastModified": 1674599235,
        "narHash": "sha256-5VUjrADrj5noT2oMM/7e/KckSHkJ1eZ+3nVOJAP/oos=",
        "owner": "michzappa",
        "repo": "knock",
        "rev": "9ed2ee7fafa191f3e4a468f3910ee6f1b34e5955",
        "type": "gitlab"
      },
      "original": {
        "owner": "michzappa",
        "repo": "knock",
        "type": "gitlab"
      }
    },
    "nixos-hardware": {
      "locked": {
        "lastModified": 1686838567,
        "narHash": "sha256-aqKCUD126dRlVSKV6vWuDCitfjFrZlkwNuvj5LtjRRU=",
        "owner": "NixOS",
        "repo": "nixos-hardware",
        "rev": "429f232fe1dc398c5afea19a51aad6931ee0fb89",
        "type": "github"
      },
      "original": {
        "owner": "NixOS",
        "ref": "master",
        "repo": "nixos-hardware",
        "type": "github"
      }
    },
    "nixpkgs": {
      "locked": {
        "lastModified": 1686960236,
        "narHash": "sha256-AYCC9rXNLpUWzD9hm+askOfpliLEC9kwAo7ITJc4HIw=",
        "owner": "NixOS",
        "repo": "nixpkgs",
        "rev": "04af42f3b31dba0ef742d254456dc4c14eedac86",
        "type": "github"
      },
      "original": {
        "owner": "NixOS",
        "ref": "nixos-unstable",
        "repo": "nixpkgs",
        "type": "github"
      }
    },
    "nixpkgs-stable": {
      "locked": {
        "lastModified": 1686921029,
        "narHash": "sha256-J1bX9plPCFhTSh6E3TWn9XSxggBh/zDD4xigyaIQBy8=",
        "owner": "NixOS",
        "repo": "nixpkgs",
        "rev": "c7ff1b9b95620ce8728c0d7bd501c458e6da9e04",
        "type": "github"
      },
      "original": {
        "owner": "NixOS",
        "ref": "nixos-23.05",
        "repo": "nixpkgs",
        "type": "github"
      }
    },
    "nixpkgs_2": {
      "locked": {
        "lastModified": 1684570954,
        "narHash": "sha256-FX5y4Sm87RWwfu9PI71XFvuRpZLowh00FQpIJ1WfXqE=",
        "owner": "nixos",
        "repo": "nixpkgs",
        "rev": "3005f20ce0aaa58169cdee57c8aa12e5f1b6e1b3",
        "type": "github"
      },
      "original": {
        "owner": "nixos",
        "ref": "nixos-unstable",
        "repo": "nixpkgs",
        "type": "github"
      }
    },
    "nixpkgs_3": {
      "locked": {
        "lastModified": 1653326962,
        "narHash": "sha256-W8feCYqKTsMre4nAEpv5Kx1PVFC+hao/LwqtB2Wci/8=",
        "owner": "NixOS",
        "repo": "nixpkgs",
        "rev": "41cc1d5d9584103be4108c1815c350e07c807036",
        "type": "github"
      },
      "original": {
        "owner": "NixOS",
        "ref": "nixpkgs-unstable",
        "repo": "nixpkgs",
        "type": "github"
      }
    },
    "nixpkgs_4": {
      "locked": {
        "lastModified": 1654230545,
        "narHash": "sha256-8Vlwf0x8ow6pPOK2a04bT+pxIeRnM1+O0Xv9/CuDzRs=",
        "owner": "NixOS",
        "repo": "nixpkgs",
        "rev": "236cc2971ac72acd90f0ae3a797f9f83098b17ec",
        "type": "github"
      },
      "original": {
        "owner": "NixOS",
        "ref": "nixos-unstable",
        "repo": "nixpkgs",
        "type": "github"
      }
    },
    "nixpkgs_5": {
      "locked": {
        "lastModified": 1686921029,
        "narHash": "sha256-J1bX9plPCFhTSh6E3TWn9XSxggBh/zDD4xigyaIQBy8=",
        "owner": "NixOs",
        "repo": "nixpkgs",
        "rev": "c7ff1b9b95620ce8728c0d7bd501c458e6da9e04",
        "type": "github"
      },
      "original": {
        "owner": "NixOs",
        "ref": "nixos-23.05",
        "repo": "nixpkgs",
        "type": "github"
      }
    },
    "pugixml-src": {
      "flake": false,
      "locked": {
        "lastModified": 1644379750,
        "narHash": "sha256-FLemG9T17n6l7vgb01OmO22BK59jv5uozVHeUnILEEQ=",
        "owner": "zeux",
        "repo": "pugixml",
        "rev": "314baf6605143f1e837209008f490e8559529e1c",
        "type": "github"
      },
      "original": {
        "owner": "zeux",
        "ref": "latest",
        "repo": "pugixml",
        "type": "github"
      }
    },
    "root": {
      "inputs": {
        "emacs": "emacs",
        "home-manager": "home-manager",
        "kmonad": "kmonad",
        "knock": "knock",
        "nixos-hardware": "nixos-hardware",
        "nixpkgs": "nixpkgs_5"
      }
    },
    "systems": {
      "locked": {
        "lastModified": 1681028828,
        "narHash": "sha256-Vy1rq5AaRuLzOxct8nz4T6wlgyUR7zLU309k9mBC768=",
        "owner": "nix-systems",
        "repo": "default",
        "rev": "da67096a3b9bf56a91d16901293e51ba5b49a27e",
        "type": "github"
      },
      "original": {
        "owner": "nix-systems",
        "repo": "default",
        "type": "github"
      }
    },
    "updfparser-src": {
      "flake": false,
      "locked": {
        "lastModified": 1647424063,
        "narHash": "sha256-9dvibKiUbbI4CrmuAaJzlpntT0XdLvdGeC2/WzjlA5U=",
        "ref": "master",
        "rev": "9d56c1d0b1ce81aae4c8db9d99a8b5d1f7967bcf",
        "revCount": 25,
        "type": "git",
        "url": "git://soutade.fr/updfparser.git"
      },
      "original": {
        "type": "git",
        "url": "git://soutade.fr/updfparser.git"
      }
    }
  },
  "root": "root",
  "version": 7
}
